
Microsoft Visual Studio Solution File, Format Version 11.00
# Visual Studio 2010
Project("{FAE04EC0-301F-11D3-BF4B-00C04F79EFBC}") = "City Build", "Assembly-CSharp-firstpass.csproj", "{E1A55428-568C-CB17-F4F0-5BC20CDE1829}"
EndProject
Project("{FAE04EC0-301F-11D3-BF4B-00C04F79EFBC}") = "City Build", "Assembly-CSharp-Editor-firstpass.csproj", "{CDDB2BE3-05FA-2901-3249-3DA301CCAA00}"
EndProject
Global
	GlobalSection(SolutionConfigurationPlatforms) = preSolution
		Debug|Any CPU = Debug|Any CPU
		Release|Any CPU = Release|Any CPU
	EndGlobalSection
	GlobalSection(ProjectConfigurationPlatforms) = postSolution
		{E1A55428-568C-CB17-F4F0-5BC20CDE1829}.Debug|Any CPU.ActiveCfg = Debug|Any CPU
		{E1A55428-568C-CB17-F4F0-5BC20CDE1829}.Debug|Any CPU.Build.0 = Debug|Any CPU
		{E1A55428-568C-CB17-F4F0-5BC20CDE1829}.Release|Any CPU.ActiveCfg = Release|Any CPU
		{E1A55428-568C-CB17-F4F0-5BC20CDE1829}.Release|Any CPU.Build.0 = Release|Any CPU
		{CDDB2BE3-05FA-2901-3249-3DA301CCAA00}.Debug|Any CPU.ActiveCfg = Debug|Any CPU
		{CDDB2BE3-05FA-2901-3249-3DA301CCAA00}.Debug|Any CPU.Build.0 = Debug|Any CPU
		{CDDB2BE3-05FA-2901-3249-3DA301CCAA00}.Release|Any CPU.ActiveCfg = Release|Any CPU
		{CDDB2BE3-05FA-2901-3249-3DA301CCAA00}.Release|Any CPU.Build.0 = Release|Any CPU
	EndGlobalSection
	GlobalSection(SolutionProperties) = preSolution
		HideSolutionNode = FALSE
	EndGlobalSection
	GlobalSection(MonoDevelopProperties) = preSolution
		StartupItem = Assembly-CSharp.csproj
	EndGlobalSection
EndGlobal
